GEM
  remote: http://rubygems.org/
  specs:
    algolia_html_extractor (2.6.4)
      json (~> 2.0)
      nokogiri (~> 1.10)
    citrus (3.0.2)
    json (2.18.0)
    mini_portile2 (2.8.9)
    nokogiri (1.19.0)
      mini_portile2 (~> 2.8.2)
      racc (~> 1.4)
    racc (1.8.1)
    toml-rb (4.1.0)
      citrus (~> 3.0, > 3.0)
      racc (~> 1.7)

PLATFORMS
  ruby

DEPENDENCIES
  algolia_html_extractor (~> 2.0)
  toml-rb (~> 4.0)

BUNDLED WITH
   2.4.19
